
Microsoft Visual Studio Solution File, Format Version 12.00
# Visual Studio 14
VisualStudioVersion = 14.0.23107.0
MinimumVisualStudioVersion = 10.0.40219.1
Project("{FAE04EC0-301F-11D3-BF4B-00C04F79EFBC}") = "MvcAdmin", "MvcAdmin\MvcAdmin.csproj", "{BF7A6F6A-3589-402D-AFA9-44C5FBA4053A}"
EndProject
Project("{2150E333-8FDC-42A3-9474-1A3956D46DE8}") = "BusinessLogic", "BusinessLogic", "{F544F3A6-5D86-4A47-88F7-6E619417B39F}"
EndProject
Project("{2150E333-8FDC-42A3-9474-1A3956D46DE8}") = "DataAccessLayer", "DataAccessLayer", "{8E8E6CE0-59CA-4F2B-86F4-502F80097598}"
EndProject
Project("{FAE04EC0-301F-11D3-BF4B-00C04F79EFBC}") = "BusinessLogic.Abstraction", "BusinessLogic\BusinessLogic.Abstraction\BusinessLogic.Abstraction.csproj", "{C96503BF-8658-4A63-BD67-A934498B68A8}"
EndProject
Project("{FAE04EC0-301F-11D3-BF4B-00C04F79EFBC}") = "BusinessLogic.Implementation", "BusinessLogic\BusinessLogic.Implementation\BusinessLogic.Implementation.csproj", "{8EA8D4D2-1E55-4BD2-9467-CFF8A7276E8F}"
EndProject
Project("{FAE04EC0-301F-11D3-BF4B-00C04F79EFBC}") = "DataAccessLayer", "DataAccessLayer\DataAccessLayer\DataAccessLayer.csproj", "{C41D65E7-2AE4-4CDF-913C-0623E925B89A}"
EndProject
Project("{FAE04EC0-301F-11D3-BF4B-00C04F79EFBC}") = "DataAccessLayer.Objects", "DataAccessLayer\DataAccessLayer.Objects\DataAccessLayer.Objects.csproj", "{CBE01C7B-60B4-4309-A427-623F594CAA26}"
EndProject
Project("{FAE04EC0-301F-11D3-BF4B-00C04F79EFBC}") = "BusinessLogic.Objects", "BusinessLogic\BusinessLogic.Objects\BusinessLogic.Objects.csproj", "{52D70407-5FEE-4352-8479-04B10767B6F9}"
EndProject
Project("{FAE04EC0-301F-11D3-BF4B-00C04F79EFBC}") = "Tests", "Tests\Tests.csproj", "{71C13B5A-2B87-4DD2-A5A1-BD0F744833D5}"
EndProject
Global
	GlobalSection(SolutionConfigurationPlatforms) = preSolution
		Debug|Any CPU = Debug|Any CPU
		Release|Any CPU = Release|Any CPU
	EndGlobalSection
	GlobalSection(ProjectConfigurationPlatforms) = postSolution
		{BF7A6F6A-3589-402D-AFA9-44C5FBA4053A}.Debug|Any CPU.ActiveCfg = Debug|Any CPU
		{BF7A6F6A-3589-402D-AFA9-44C5FBA4053A}.Debug|Any CPU.Build.0 = Debug|Any CPU
		{BF7A6F6A-3589-402D-AFA9-44C5FBA4053A}.Release|Any CPU.ActiveCfg = Release|Any CPU
		{BF7A6F6A-3589-402D-AFA9-44C5FBA4053A}.Release|Any CPU.Build.0 = Release|Any CPU
		{C96503BF-8658-4A63-BD67-A934498B68A8}.Debug|Any CPU.ActiveCfg = Debug|Any CPU
		{C96503BF-8658-4A63-BD67-A934498B68A8}.Debug|Any CPU.Build.0 = Debug|Any CPU
		{C96503BF-8658-4A63-BD67-A934498B68A8}.Release|Any CPU.ActiveCfg = Release|Any CPU
		{C96503BF-8658-4A63-BD67-A934498B68A8}.Release|Any CPU.Build.0 = Release|Any CPU
		{8EA8D4D2-1E55-4BD2-9467-CFF8A7276E8F}.Debug|Any CPU.ActiveCfg = Debug|Any CPU
		{8EA8D4D2-1E55-4BD2-9467-CFF8A7276E8F}.Debug|Any CPU.Build.0 = Debug|Any CPU
		{8EA8D4D2-1E55-4BD2-9467-CFF8A7276E8F}.Release|Any CPU.ActiveCfg = Release|Any CPU
		{8EA8D4D2-1E55-4BD2-9467-CFF8A7276E8F}.Release|Any CPU.Build.0 = Release|Any CPU
		{C41D65E7-2AE4-4CDF-913C-0623E925B89A}.Debug|Any CPU.ActiveCfg = Debug|Any CPU
		{C41D65E7-2AE4-4CDF-913C-0623E925B89A}.Debug|Any CPU.Build.0 = Debug|Any CPU
		{C41D65E7-2AE4-4CDF-913C-0623E925B89A}.Release|Any CPU.ActiveCfg = Release|Any CPU
		{C41D65E7-2AE4-4CDF-913C-0623E925B89A}.Release|Any CPU.Build.0 = Release|Any CPU
		{CBE01C7B-60B4-4309-A427-623F594CAA26}.Debug|Any CPU.ActiveCfg = Debug|Any CPU
		{CBE01C7B-60B4-4309-A427-623F594CAA26}.Debug|Any CPU.Build.0 = Debug|Any CPU
		{CBE01C7B-60B4-4309-A427-623F594CAA26}.Release|Any CPU.ActiveCfg = Release|Any CPU
		{CBE01C7B-60B4-4309-A427-623F594CAA26}.Release|Any CPU.Build.0 = Release|Any CPU
		{52D70407-5FEE-4352-8479-04B10767B6F9}.Debug|Any CPU.ActiveCfg = Debug|Any CPU
		{52D70407-5FEE-4352-8479-04B10767B6F9}.Debug|Any CPU.Build.0 = Debug|Any CPU
		{52D70407-5FEE-4352-8479-04B10767B6F9}.Release|Any CPU.ActiveCfg = Release|Any CPU
		{52D70407-5FEE-4352-8479-04B10767B6F9}.Release|Any CPU.Build.0 = Release|Any CPU
		{71C13B5A-2B87-4DD2-A5A1-BD0F744833D5}.Debug|Any CPU.ActiveCfg = Debug|Any CPU
		{71C13B5A-2B87-4DD2-A5A1-BD0F744833D5}.Debug|Any CPU.Build.0 = Debug|Any CPU
		{71C13B5A-2B87-4DD2-A5A1-BD0F744833D5}.Release|Any CPU.ActiveCfg = Release|Any CPU
		{71C13B5A-2B87-4DD2-A5A1-BD0F744833D5}.Release|Any CPU.Build.0 = Release|Any CPU
	EndGlobalSection
	GlobalSection(SolutionProperties) = preSolution
		HideSolutionNode = FALSE
	EndGlobalSection
	GlobalSection(NestedProjects) = preSolution
		{C96503BF-8658-4A63-BD67-A934498B68A8} = {F544F3A6-5D86-4A47-88F7-6E619417B39F}
		{8EA8D4D2-1E55-4BD2-9467-CFF8A7276E8F} = {F544F3A6-5D86-4A47-88F7-6E619417B39F}
		{C41D65E7-2AE4-4CDF-913C-0623E925B89A} = {8E8E6CE0-59CA-4F2B-86F4-502F80097598}
		{CBE01C7B-60B4-4309-A427-623F594CAA26} = {8E8E6CE0-59CA-4F2B-86F4-502F80097598}
		{52D70407-5FEE-4352-8479-04B10767B6F9} = {F544F3A6-5D86-4A47-88F7-6E619417B39F}
	EndGlobalSection
EndGlobal
